PackratFormat: 1.4
PackratVersion: 0.4.9.1
RVersion: 3.4.3
Repos: CRAN=https://cran.rstudio.com/

Package: Matrix
Source: CRAN
Version: 1.2-13
Hash: e91bfaf0e19c31c00adf454e19676ed7
Requires: lattice

Package: RSpectra
Source: CRAN
Version: 0.12-0
Hash: bb689c660d1d1215c990af57630ad0a6
Requires: Matrix, Rcpp, RcppEigen

Package: Rcpp
Source: CRAN
Version: 0.12.16
Hash: 8cc9dc88c11acdcf8a6dec4a0f1500bc

Package: RcppEigen
Source: CRAN
Version: 0.3.3.4.0
Hash: 134344925b2aff5e2522ae707a55b0f8
Requires: Matrix, Rcpp

Package: codetools
Source: CRAN
Version: 0.2-15
Hash: a4268e48f71dc70ac2203aced7cdd8ea

Package: doMC
Source: CRAN
Version: 1.3.5
Hash: fe6e8767cb2a24f6db19768091be5c03
Requires: foreach, iterators

Package: foreach
Source: CRAN
Version: 1.4.4
Hash: 4df5ab2c8c35382dacab75d414da6748
Requires: codetools, iterators

Package: iterators
Source: CRAN
Version: 1.0.9
Hash: c2dc1341675d2508c180221949e40e98

Package: lattice
Source: CRAN
Version: 0.20-35
Hash: 26b9d7f0d0cb4e1d1bbb97f867c82d89

Package: packrat
Source: github
Version: 0.4.9-1
Hash: 2b4edf59823bbc14c9c70948a3b49926
GithubRepo: packrat
GithubUsername: rstudio
GithubRef: master
GithubSha1: f98789177c02b3066144dfb8c39ea67d681fd73c
RemoteHost: https://api.github.com
RemoteRepo: packrat
RemoteUsername: rstudio
RemoteSha: f98789177c02b3066144dfb8c39ea67d681fd73c

Package: rARPACK
Source: CRAN
Version: 0.11-0
Hash: f242bda2c0b97622ce2f91bfa3a3321c
Requires: RSpectra
